github.com/hugo-toha/hugo-toha.github.io v0.0.0-20240730212302-83b19f7bd3b7 h1:RRonNzaf6/Ou9PqfXeKiRywkd+9KY7SVgfGBQXqXshM=
github.com/hugo-toha/hugo-toha.github.io v0.0.0-20240730212302-83b19f7bd3b7/go.mod h1:yWw1t3trnfzv4t1lA9zh5pSsI0+kqqyg58ir8/kt6zk=
github.com/hugo-toha/hugo-toha.github.io v0.0.0-20250414165228-73cacf9c8823 h1:ZqgU5CETiaU2Fxw4N78BHaUmVc77PjIm3Xeqj9dNKEI=
github.com/hugo-toha/hugo-toha.github.io v0.0.0-20250414165228-73cacf9c8823/go.mod h1:4N3Q3zS7tVAPBDdsIhjHSJ10B13T55E3y7ze51O0LPw=
